
Microsoft Visual Studio Solution File, Format Version 12.00
# Visual Studio Version 17
VisualStudioVersion = 17.11.35303.130
MinimumVisualStudioVersion = 10.0.40219.1
Project("{2150E333-8FDC-42A3-9474-1A3956D46DE8}") = "Task0", "Task0", "{847F228E-D1D7-490C-937F-BAC4A7F45659}"
EndProject
Project("{9A19103F-16F7-4668-BE54-9A1E7A4F7556}") = "WinFormsApp1", "WinFormsApp1\WinFormsApp1.csproj", "{24472B90-554C-48DD-98FE-9C436F8082FB}"
EndProject
Project("{9A19103F-16F7-4668-BE54-9A1E7A4F7556}") = "Tyuiu.ChigurovMV.Sprint6.Task0.V22.Test", "Tyuiu.ChigurovMV.Sprint6.Task0.V22.Test\Tyuiu.ChigurovMV.Sprint6.Task0.V22.Test.csproj", "{9F0559F7-FE6D-46B2-90A0-213BC571AA6A}"
EndProject
Project("{9A19103F-16F7-4668-BE54-9A1E7A4F7556}") = "Tyuiu.ChigurovMV.Sprint6.Task0.V22.Lib", "Tyuiu.ChigurovMV.Sprint6.Task0.V22.Lib\Tyuiu.ChigurovMV.Sprint6.Task0.V22.Lib.csproj", "{CFA286A8-0C3A-4CB0-8D8F-15C69E0292A8}"
EndProject
Project("{9A19103F-16F7-4668-BE54-9A1E7A4F7556}") = "Tyuiu.ChigurovMV.Sprint6.Task0.V22", "Tyuiu.ChigurovMV.Sprint6.Task0.V22\Tyuiu.ChigurovMV.Sprint6.Task0.V22.csproj", "{C08EFC55-0E0E-47C4-BBDF-0B3D101E144F}"
EndProject
Project("{2150E333-8FDC-42A3-9474-1A3956D46DE8}") = "Task1", "Task1", "{FC1CD8C4-2E8A-413A-98FD-AFCF36BD1A73}"
EndProject
Project("{9A19103F-16F7-4668-BE54-9A1E7A4F7556}") = "Tyuiu.ChigurovMV.Sprint6.Task1.V14", "Tyuiu.ChigurovMV.Sprint6.Task1.V14\Tyuiu.ChigurovMV.Sprint6.Task1.V14.csproj", "{E9F558AA-132C-4ED6-A836-387B0BC1F425}"
EndProject
Project("{9A19103F-16F7-4668-BE54-9A1E7A4F7556}") = "Tyuiu.ChigurovMV.Sprint6.Task1.V14.Lib", "Tyuiu.ChigurovMV.Sprint6.Task1.V14.Lib\Tyuiu.ChigurovMV.Sprint6.Task1.V14.Lib.csproj", "{6C9C19C6-03AC-4BF1-9CD6-0E74EE757E4A}"
EndProject
Project("{9A19103F-16F7-4668-BE54-9A1E7A4F7556}") = "Tyuiu.ChigurovMV.Sprint6.Task1.V14.Test", "Tyuiu.ChigurovMV.Sprint6.Task1.V14.Test\Tyuiu.ChigurovMV.Sprint6.Task1.V14.Test.csproj", "{2EA6021C-E638-478F-8604-D58AEB276339}"
EndProject
Project("{2150E333-8FDC-42A3-9474-1A3956D46DE8}") = "Task2", "Task2", "{5F2AC246-4763-4D22-BB70-A12947ECF3F2}"
EndProject
Project("{9A19103F-16F7-4668-BE54-9A1E7A4F7556}") = "Tyuiu.ChigurovMV.Sprint6.Task2.V15.Lib", "Tyuiu.ChigurovMV.Sprint6.Task2.V15.Lib\Tyuiu.ChigurovMV.Sprint6.Task2.V15.Lib.csproj", "{EADDC9AB-5657-45D0-97CA-4CC904CC46CC}"
EndProject
Project("{9A19103F-16F7-4668-BE54-9A1E7A4F7556}") = "Tyuiu.ChigurovMV.Sprint6.Task2.V15.Test", "Tyuiu.ChigurovMV.Sprint6.Task2.V15.Test\Tyuiu.ChigurovMV.Sprint6.Task2.V15.Test.csproj", "{9AF53B0E-8E34-415B-B9C2-303D479BB700}"
EndProject
Project("{9A19103F-16F7-4668-BE54-9A1E7A4F7556}") = "Tyuiu.ChigurovMV.Sprint6.Task2.V15", "Tyuiu.ChigurovMV.Sprint6.Task2.V15\Tyuiu.ChigurovMV.Sprint6.Task2.V15.csproj", "{6A7D599D-D2E0-4D0A-BF86-8BDBF917DBC5}"
EndProject
Project("{2150E333-8FDC-42A3-9474-1A3956D46DE8}") = "Task3", "Task3", "{FF06F8BB-050A-40DA-B772-E1427CCB5E0D}"
EndProject
Project("{9A19103F-16F7-4668-BE54-9A1E7A4F7556}") = "Tyuiu.ChigurovMV.Sprint6.Task3.V25", "Tyuiu.ChigurovMV.Sprint6.Task3.V25\Tyuiu.ChigurovMV.Sprint6.Task3.V25.csproj", "{69455FF6-2C7D-4057-8BB4-21C219716A7A}"
EndProject
Project("{9A19103F-16F7-4668-BE54-9A1E7A4F7556}") = "Tyuiu.ChigurovMV.Sprint6.Task3.V25.Test", "Tyuiu.ChigurovMV.Sprint6.Task3.V25.Test\Tyuiu.ChigurovMV.Sprint6.Task3.V25.Test.csproj", "{64ADA84D-4EC5-499E-82F2-B307543BA59F}"
EndProject
Project("{9A19103F-16F7-4668-BE54-9A1E7A4F7556}") = "Tyuiu.ChigurovMV.Sprint6.Task3.V25.Lib", "Tyuiu.ChigurovMV.Sprint6.Task3.V25.Lib\Tyuiu.ChigurovMV.Sprint6.Task3.V25.Lib.csproj", "{3CAF3105-ED4E-4A29-BDA0-DB78AD50298D}"
EndProject
Project("{2150E333-8FDC-42A3-9474-1A3956D46DE8}") = "Task4", "Task4", "{B2005118-5F19-456B-92BD-7B321BD48CEA}"
EndProject
Project("{9A19103F-16F7-4668-BE54-9A1E7A4F7556}") = "Tyuiu.ChigurovMV.Sprint6.Task4.V17", "Tyuiu.ChigurovMV.Sprint6.Task4.V17\Tyuiu.ChigurovMV.Sprint6.Task4.V17.csproj", "{4CAD272B-58CD-461E-8E53-3CBF3E89D170}"
EndProject
Project("{9A19103F-16F7-4668-BE54-9A1E7A4F7556}") = "Tyuiu.ChigurovMV.Sprint6.Task4.V17.Test", "Tyuiu.ChigurovMV.Sprint6.Task4.V17.Test\Tyuiu.ChigurovMV.Sprint6.Task4.V17.Test.csproj", "{43498CAB-8936-444A-94A0-7FC135889F58}"
EndProject
Project("{9A19103F-16F7-4668-BE54-9A1E7A4F7556}") = "Tyuiu.ChigurovMV.Sprint6.Task4.V17.Lib", "Tyuiu.ChigurovMV.Sprint6.Task4.V17.Lib\Tyuiu.ChigurovMV.Sprint6.Task4.V17.Lib.csproj", "{A99AD410-CFEE-4E74-B7DC-7E95ACDC4A41}"
EndProject
Project("{2150E333-8FDC-42A3-9474-1A3956D46DE8}") = "Task5", "Task5", "{AB82323B-0278-41EB-AA8A-0910DA24BE44}"
EndProject
Project("{9A19103F-16F7-4668-BE54-9A1E7A4F7556}") = "Tyuiu.ChigurovMV.Sprint6.Task5.V25", "Tyuiu.ChigurovMV.Sprint6.Task5.V25\Tyuiu.ChigurovMV.Sprint6.Task5.V25.csproj", "{D181EBDB-F276-4297-9ADC-67FD90A7120F}"
EndProject
Project("{9A19103F-16F7-4668-BE54-9A1E7A4F7556}") = "Tyuiu.ChigurovMV.Sprint6.Task5.V25.Lib", "Tyuiu.ChigurovMV.Sprint6.Task5.V25.Lib\Tyuiu.ChigurovMV.Sprint6.Task5.V25.Lib.csproj", "{0E38FFC0-F249-428C-8DB6-FEEA7FBEDB51}"
EndProject
Project("{9A19103F-16F7-4668-BE54-9A1E7A4F7556}") = "Tyuiu.ChigurovMV.Sprint6.Task5.V25.Test", "Tyuiu.ChigurovMV.Sprint6.Task5.V25.Test\Tyuiu.ChigurovMV.Sprint6.Task5.V25.Test.csproj", "{E97A46C6-6CBB-4D73-B3E7-EE60DB20E896}"
EndProject
Project("{2150E333-8FDC-42A3-9474-1A3956D46DE8}") = "Task6", "Task6", "{8E59B189-1CF3-4F3F-9AB4-E57AC6E16137}"
EndProject
Project("{FAE04EC0-301F-11D3-BF4B-00C04F79EFBC}") = "Tyuiu.ChigurovMV.Sprint6.Task6.V20", "Tyuiu.ChigurovMV.Sprint6.Task6.V20\Tyuiu.ChigurovMV.Sprint6.Task6.V20.csproj", "{B514D9C8-AE51-4618-80DF-6CC1CC420478}"
EndProject
Project("{FAE04EC0-301F-11D3-BF4B-00C04F79EFBC}") = "Tyuiu.ChigurovMV.Sprint6.Task6.V20.Test", "Tyuiu.ChigurovMV.Sprint6.Task6.V20.Test\Tyuiu.ChigurovMV.Sprint6.Task6.V20.Test.csproj", "{43A0D2AC-2076-4136-8074-94B16AFBF6CD}"
EndProject
Project("{FAE04EC0-301F-11D3-BF4B-00C04F79EFBC}") = "Tyuiu.ChigurovMV.Sprint6.Task6.V20.Lib", "Tyuiu.ChigurovMV.Sprint6.Task6.V20.Lib\Tyuiu.ChigurovMV.Sprint6.Task6.V20.Lib.csproj", "{9B64E528-2AB3-41F4-B08E-E348538D27A2}"
EndProject
Project("{FAE04EC0-301F-11D3-BF4B-00C04F79EFBC}") = "ConsoleApp1", "ConsoleApp1\ConsoleApp1.csproj", "{13F19C7F-6579-41DA-8D99-BB85737BF96F}"
EndProject
Global
	GlobalSection(SolutionConfigurationPlatforms) = preSolution
		Debug|Any CPU = Debug|Any CPU
		Release|Any CPU = Release|Any CPU
	EndGlobalSection
	GlobalSection(ProjectConfigurationPlatforms) = postSolution
		{24472B90-554C-48DD-98FE-9C436F8082FB}.Debug|Any CPU.ActiveCfg = Debug|Any CPU
		{24472B90-554C-48DD-98FE-9C436F8082FB}.Debug|Any CPU.Build.0 = Debug|Any CPU
		{24472B90-554C-48DD-98FE-9C436F8082FB}.Release|Any CPU.ActiveCfg = Release|Any CPU
		{24472B90-554C-48DD-98FE-9C436F8082FB}.Release|Any CPU.Build.0 = Release|Any CPU
		{9F0559F7-FE6D-46B2-90A0-213BC571AA6A}.Debug|Any CPU.ActiveCfg = Debug|Any CPU
		{9F0559F7-FE6D-46B2-90A0-213BC571AA6A}.Debug|Any CPU.Build.0 = Debug|Any CPU
		{9F0559F7-FE6D-46B2-90A0-213BC571AA6A}.Release|Any CPU.ActiveCfg = Release|Any CPU
		{9F0559F7-FE6D-46B2-90A0-213BC571AA6A}.Release|Any CPU.Build.0 = Release|Any CPU
		{CFA286A8-0C3A-4CB0-8D8F-15C69E0292A8}.Debug|Any CPU.ActiveCfg = Debug|Any CPU
		{CFA286A8-0C3A-4CB0-8D8F-15C69E0292A8}.Debug|Any CPU.Build.0 = Debug|Any CPU
		{CFA286A8-0C3A-4CB0-8D8F-15C69E0292A8}.Release|Any CPU.ActiveCfg = Release|Any CPU
		{CFA286A8-0C3A-4CB0-8D8F-15C69E0292A8}.Release|Any CPU.Build.0 = Release|Any CPU
		{C08EFC55-0E0E-47C4-BBDF-0B3D101E144F}.Debug|Any CPU.ActiveCfg = Debug|Any CPU
		{C08EFC55-0E0E-47C4-BBDF-0B3D101E144F}.Debug|Any CPU.Build.0 = Debug|Any CPU
		{C08EFC55-0E0E-47C4-BBDF-0B3D101E144F}.Release|Any CPU.ActiveCfg = Release|Any CPU
		{C08EFC55-0E0E-47C4-BBDF-0B3D101E144F}.Release|Any CPU.Build.0 = Release|Any CPU
		{E9F558AA-132C-4ED6-A836-387B0BC1F425}.Debug|Any CPU.ActiveCfg = Debug|Any CPU
		{E9F558AA-132C-4ED6-A836-387B0BC1F425}.Debug|Any CPU.Build.0 = Debug|Any CPU
		{E9F558AA-132C-4ED6-A836-387B0BC1F425}.Release|Any CPU.ActiveCfg = Release|Any CPU
		{E9F558AA-132C-4ED6-A836-387B0BC1F425}.Release|Any CPU.Build.0 = Release|Any CPU
		{6C9C19C6-03AC-4BF1-9CD6-0E74EE757E4A}.Debug|Any CPU.ActiveCfg = Debug|Any CPU
		{6C9C19C6-03AC-4BF1-9CD6-0E74EE757E4A}.Debug|Any CPU.Build.0 = Debug|Any CPU
		{6C9C19C6-03AC-4BF1-9CD6-0E74EE757E4A}.Release|Any CPU.ActiveCfg = Release|Any CPU
		{6C9C19C6-03AC-4BF1-9CD6-0E74EE757E4A}.Release|Any CPU.Build.0 = Release|Any CPU
		{2EA6021C-E638-478F-8604-D58AEB276339}.Debug|Any CPU.ActiveCfg = Debug|Any CPU
		{2EA6021C-E638-478F-8604-D58AEB276339}.Debug|Any CPU.Build.0 = Debug|Any CPU
		{2EA6021C-E638-478F-8604-D58AEB276339}.Release|Any CPU.ActiveCfg = Release|Any CPU
		{2EA6021C-E638-478F-8604-D58AEB276339}.Release|Any CPU.Build.0 = Release|Any CPU
		{EADDC9AB-5657-45D0-97CA-4CC904CC46CC}.Debug|Any CPU.ActiveCfg = Debug|Any CPU
		{EADDC9AB-5657-45D0-97CA-4CC904CC46CC}.Debug|Any CPU.Build.0 = Debug|Any CPU
		{EADDC9AB-5657-45D0-97CA-4CC904CC46CC}.Release|Any CPU.ActiveCfg = Release|Any CPU
		{EADDC9AB-5657-45D0-97CA-4CC904CC46CC}.Release|Any CPU.Build.0 = Release|Any CPU
		{9AF53B0E-8E34-415B-B9C2-303D479BB700}.Debug|Any CPU.ActiveCfg = Debug|Any CPU
		{9AF53B0E-8E34-415B-B9C2-303D479BB700}.Debug|Any CPU.Build.0 = Debug|Any CPU
		{9AF53B0E-8E34-415B-B9C2-303D479BB700}.Release|Any CPU.ActiveCfg = Release|Any CPU
		{9AF53B0E-8E34-415B-B9C2-303D479BB700}.Release|Any CPU.Build.0 = Release|Any CPU
		{6A7D599D-D2E0-4D0A-BF86-8BDBF917DBC5}.Debug|Any CPU.ActiveCfg = Debug|Any CPU
		{6A7D599D-D2E0-4D0A-BF86-8BDBF917DBC5}.Debug|Any CPU.Build.0 = Debug|Any CPU
		{6A7D599D-D2E0-4D0A-BF86-8BDBF917DBC5}.Release|Any CPU.ActiveCfg = Release|Any CPU
		{6A7D599D-D2E0-4D0A-BF86-8BDBF917DBC5}.Release|Any CPU.Build.0 = Release|Any CPU
		{69455FF6-2C7D-4057-8BB4-21C219716A7A}.Debug|Any CPU.ActiveCfg = Debug|Any CPU
		{69455FF6-2C7D-4057-8BB4-21C219716A7A}.Debug|Any CPU.Build.0 = Debug|Any CPU
		{69455FF6-2C7D-4057-8BB4-21C219716A7A}.Release|Any CPU.ActiveCfg = Release|Any CPU
		{69455FF6-2C7D-4057-8BB4-21C219716A7A}.Release|Any CPU.Build.0 = Release|Any CPU
		{64ADA84D-4EC5-499E-82F2-B307543BA59F}.Debug|Any CPU.ActiveCfg = Debug|Any CPU
		{64ADA84D-4EC5-499E-82F2-B307543BA59F}.Debug|Any CPU.Build.0 = Debug|Any CPU
		{64ADA84D-4EC5-499E-82F2-B307543BA59F}.Release|Any CPU.ActiveCfg = Release|Any CPU
		{64ADA84D-4EC5-499E-82F2-B307543BA59F}.Release|Any CPU.Build.0 = Release|Any CPU
		{3CAF3105-ED4E-4A29-BDA0-DB78AD50298D}.Debug|Any CPU.ActiveCfg = Debug|Any CPU
		{3CAF3105-ED4E-4A29-BDA0-DB78AD50298D}.Debug|Any CPU.Build.0 = Debug|Any CPU
		{3CAF3105-ED4E-4A29-BDA0-DB78AD50298D}.Release|Any CPU.ActiveCfg = Release|Any CPU
		{3CAF3105-ED4E-4A29-BDA0-DB78AD50298D}.Release|Any CPU.Build.0 = Release|Any CPU
		{4CAD272B-58CD-461E-8E53-3CBF3E89D170}.Debug|Any CPU.ActiveCfg = Debug|Any CPU
		{4CAD272B-58CD-461E-8E53-3CBF3E89D170}.Debug|Any CPU.Build.0 = Debug|Any CPU
		{4CAD272B-58CD-461E-8E53-3CBF3E89D170}.Release|Any CPU.ActiveCfg = Release|Any CPU
		{4CAD272B-58CD-461E-8E53-3CBF3E89D170}.Release|Any CPU.Build.0 = Release|Any CPU
		{43498CAB-8936-444A-94A0-7FC135889F58}.Debug|Any CPU.ActiveCfg = Debug|Any CPU
		{43498CAB-8936-444A-94A0-7FC135889F58}.Debug|Any CPU.Build.0 = Debug|Any CPU
		{43498CAB-8936-444A-94A0-7FC135889F58}.Release|Any CPU.ActiveCfg = Release|Any CPU
		{43498CAB-8936-444A-94A0-7FC135889F58}.Release|Any CPU.Build.0 = Release|Any CPU
		{A99AD410-CFEE-4E74-B7DC-7E95ACDC4A41}.Debug|Any CPU.ActiveCfg = Debug|Any CPU
		{A99AD410-CFEE-4E74-B7DC-7E95ACDC4A41}.Debug|Any CPU.Build.0 = Debug|Any CPU
		{A99AD410-CFEE-4E74-B7DC-7E95ACDC4A41}.Release|Any CPU.ActiveCfg = Release|Any CPU
		{A99AD410-CFEE-4E74-B7DC-7E95ACDC4A41}.Release|Any CPU.Build.0 = Release|Any CPU
		{D181EBDB-F276-4297-9ADC-67FD90A7120F}.Debug|Any CPU.ActiveCfg = Debug|Any CPU
		{D181EBDB-F276-4297-9ADC-67FD90A7120F}.Debug|Any CPU.Build.0 = Debug|Any CPU
		{D181EBDB-F276-4297-9ADC-67FD90A7120F}.Release|Any CPU.ActiveCfg = Release|Any CPU
		{D181EBDB-F276-4297-9ADC-67FD90A7120F}.Release|Any CPU.Build.0 = Release|Any CPU
		{0E38FFC0-F249-428C-8DB6-FEEA7FBEDB51}.Debug|Any CPU.ActiveCfg = Debug|Any CPU
		{0E38FFC0-F249-428C-8DB6-FEEA7FBEDB51}.Debug|Any CPU.Build.0 = Debug|Any CPU
		{0E38FFC0-F249-428C-8DB6-FEEA7FBEDB51}.Release|Any CPU.ActiveCfg = Release|Any CPU
		{0E38FFC0-F249-428C-8DB6-FEEA7FBEDB51}.Release|Any CPU.Build.0 = Release|Any CPU
		{E97A46C6-6CBB-4D73-B3E7-EE60DB20E896}.Debug|Any CPU.ActiveCfg = Debug|Any CPU
		{E97A46C6-6CBB-4D73-B3E7-EE60DB20E896}.Debug|Any CPU.Build.0 = Debug|Any CPU
		{E97A46C6-6CBB-4D73-B3E7-EE60DB20E896}.Release|Any CPU.ActiveCfg = Release|Any CPU
		{E97A46C6-6CBB-4D73-B3E7-EE60DB20E896}.Release|Any CPU.Build.0 = Release|Any CPU
		{B514D9C8-AE51-4618-80DF-6CC1CC420478}.Debug|Any CPU.ActiveCfg = Debug|Any CPU
		{B514D9C8-AE51-4618-80DF-6CC1CC420478}.Debug|Any CPU.Build.0 = Debug|Any CPU
		{B514D9C8-AE51-4618-80DF-6CC1CC420478}.Release|Any CPU.ActiveCfg = Release|Any CPU
		{B514D9C8-AE51-4618-80DF-6CC1CC420478}.Release|Any CPU.Build.0 = Release|Any CPU
		{43A0D2AC-2076-4136-8074-94B16AFBF6CD}.Debug|Any CPU.ActiveCfg = Debug|Any CPU
		{43A0D2AC-2076-4136-8074-94B16AFBF6CD}.Debug|Any CPU.Build.0 = Debug|Any CPU
		{43A0D2AC-2076-4136-8074-94B16AFBF6CD}.Release|Any CPU.ActiveCfg = Release|Any CPU
		{43A0D2AC-2076-4136-8074-94B16AFBF6CD}.Release|Any CPU.Build.0 = Release|Any CPU
		{9B64E528-2AB3-41F4-B08E-E348538D27A2}.Debug|Any CPU.ActiveCfg = Debug|Any CPU
		{9B64E528-2AB3-41F4-B08E-E348538D27A2}.Debug|Any CPU.Build.0 = Debug|Any CPU
		{9B64E528-2AB3-41F4-B08E-E348538D27A2}.Release|Any CPU.ActiveCfg = Release|Any CPU
		{9B64E528-2AB3-41F4-B08E-E348538D27A2}.Release|Any CPU.Build.0 = Release|Any CPU
		{13F19C7F-6579-41DA-8D99-BB85737BF96F}.Debug|Any CPU.ActiveCfg = Debug|Any CPU
		{13F19C7F-6579-41DA-8D99-BB85737BF96F}.Debug|Any CPU.Build.0 = Debug|Any CPU
		{13F19C7F-6579-41DA-8D99-BB85737BF96F}.Release|Any CPU.ActiveCfg = Release|Any CPU
		{13F19C7F-6579-41DA-8D99-BB85737BF96F}.Release|Any CPU.Build.0 = Release|Any CPU
	EndGlobalSection
	GlobalSection(SolutionProperties) = preSolution
		HideSolutionNode = FALSE
	EndGlobalSection
	GlobalSection(NestedProjects) = preSolution
		{9F0559F7-FE6D-46B2-90A0-213BC571AA6A} = {847F228E-D1D7-490C-937F-BAC4A7F45659}
		{CFA286A8-0C3A-4CB0-8D8F-15C69E0292A8} = {847F228E-D1D7-490C-937F-BAC4A7F45659}
		{C08EFC55-0E0E-47C4-BBDF-0B3D101E144F} = {847F228E-D1D7-490C-937F-BAC4A7F45659}
		{E9F558AA-132C-4ED6-A836-387B0BC1F425} = {FC1CD8C4-2E8A-413A-98FD-AFCF36BD1A73}
		{6C9C19C6-03AC-4BF1-9CD6-0E74EE757E4A} = {FC1CD8C4-2E8A-413A-98FD-AFCF36BD1A73}
		{2EA6021C-E638-478F-8604-D58AEB276339} = {FC1CD8C4-2E8A-413A-98FD-AFCF36BD1A73}
		{EADDC9AB-5657-45D0-97CA-4CC904CC46CC} = {5F2AC246-4763-4D22-BB70-A12947ECF3F2}
		{9AF53B0E-8E34-415B-B9C2-303D479BB700} = {5F2AC246-4763-4D22-BB70-A12947ECF3F2}
		{6A7D599D-D2E0-4D0A-BF86-8BDBF917DBC5} = {5F2AC246-4763-4D22-BB70-A12947ECF3F2}
		{69455FF6-2C7D-4057-8BB4-21C219716A7A} = {FF06F8BB-050A-40DA-B772-E1427CCB5E0D}
		{64ADA84D-4EC5-499E-82F2-B307543BA59F} = {FF06F8BB-050A-40DA-B772-E1427CCB5E0D}
		{3CAF3105-ED4E-4A29-BDA0-DB78AD50298D} = {FF06F8BB-050A-40DA-B772-E1427CCB5E0D}
		{4CAD272B-58CD-461E-8E53-3CBF3E89D170} = {B2005118-5F19-456B-92BD-7B321BD48CEA}
		{43498CAB-8936-444A-94A0-7FC135889F58} = {B2005118-5F19-456B-92BD-7B321BD48CEA}
		{A99AD410-CFEE-4E74-B7DC-7E95ACDC4A41} = {B2005118-5F19-456B-92BD-7B321BD48CEA}
		{D181EBDB-F276-4297-9ADC-67FD90A7120F} = {AB82323B-0278-41EB-AA8A-0910DA24BE44}
		{0E38FFC0-F249-428C-8DB6-FEEA7FBEDB51} = {AB82323B-0278-41EB-AA8A-0910DA24BE44}
		{E97A46C6-6CBB-4D73-B3E7-EE60DB20E896} = {AB82323B-0278-41EB-AA8A-0910DA24BE44}
		{B514D9C8-AE51-4618-80DF-6CC1CC420478} = {8E59B189-1CF3-4F3F-9AB4-E57AC6E16137}
		{43A0D2AC-2076-4136-8074-94B16AFBF6CD} = {8E59B189-1CF3-4F3F-9AB4-E57AC6E16137}
		{9B64E528-2AB3-41F4-B08E-E348538D27A2} = {8E59B189-1CF3-4F3F-9AB4-E57AC6E16137}
	EndGlobalSection
	GlobalSection(ExtensibilityGlobals) = postSolution
		SolutionGuid = {904AF654-C537-416D-9495-1BECB475C410}
	EndGlobalSection
EndGlobal
